
Microsoft Visual Studio Solution File, Format Version 12.00
# Visual Studio Version 17
VisualStudioVersion = 17.14.36221.1
MinimumVisualStudioVersion = 10.0.40219.1
Project("{FAE04EC0-301F-11D3-BF4B-00C04F79EFBC}") = "Rentaunsedan.Data", "Rentaunsedan.Data\Rentaunsedan.Data.csproj", "{5032BDD8-B7F7-4747-968D-C453075C5BF6}"
EndProject
Project("{FAE04EC0-301F-11D3-BF4B-00C04F79EFBC}") = "Rentaunsedan.Bus", "Rentaunsedan.Bus\Rentaunsedan.Bus.csproj", "{8D832D2C-A87D-4040-A85E-7D584CCC1FC3}"
EndProject
Project("{FAE04EC0-301F-11D3-BF4B-00C04F79EFBC}") = "Rentaunsedan.Entities", "Rentaunsedan.Entities\Rentaunsedan.Entities.csproj", "{3A3DE75E-5B8E-47CE-B4BB-272E6767E914}"
EndProject
Project("{FAE04EC0-301F-11D3-BF4B-00C04F79EFBC}") = "Rentaunsedan.Services", "Rentaunsedan.Services\Rentaunsedan.Services.csproj", "{5FAEC089-1005-43CB-87CB-168DD1E42AB1}"
EndProject
Project("{FAE04EC0-301F-11D3-BF4B-00C04F79EFBC}") = "Rentaunsedan.Web", "Rentaunsedan.Web\Rentaunsedan.Web.csproj", "{46F43C2B-2EEF-4C73-A85C-DF8CB0CE9CA3}"
EndProject
Global
	GlobalSection(SolutionConfigurationPlatforms) = preSolution
		Debug|Any CPU = Debug|Any CPU
		Release|Any CPU = Release|Any CPU
	EndGlobalSection
	GlobalSection(ProjectConfigurationPlatforms) = postSolution
		{5032BDD8-B7F7-4747-968D-C453075C5BF6}.Debug|Any CPU.ActiveCfg = Debug|Any CPU
		{5032BDD8-B7F7-4747-968D-C453075C5BF6}.Debug|Any CPU.Build.0 = Debug|Any CPU
		{5032BDD8-B7F7-4747-968D-C453075C5BF6}.Release|Any CPU.ActiveCfg = Release|Any CPU
		{5032BDD8-B7F7-4747-968D-C453075C5BF6}.Release|Any CPU.Build.0 = Release|Any CPU
		{8D832D2C-A87D-4040-A85E-7D584CCC1FC3}.Debug|Any CPU.ActiveCfg = Debug|Any CPU
		{8D832D2C-A87D-4040-A85E-7D584CCC1FC3}.Debug|Any CPU.Build.0 = Debug|Any CPU
		{8D832D2C-A87D-4040-A85E-7D584CCC1FC3}.Release|Any CPU.ActiveCfg = Release|Any CPU
		{8D832D2C-A87D-4040-A85E-7D584CCC1FC3}.Release|Any CPU.Build.0 = Release|Any CPU
		{3A3DE75E-5B8E-47CE-B4BB-272E6767E914}.Debug|Any CPU.ActiveCfg = Debug|Any CPU
		{3A3DE75E-5B8E-47CE-B4BB-272E6767E914}.Debug|Any CPU.Build.0 = Debug|Any CPU
		{3A3DE75E-5B8E-47CE-B4BB-272E6767E914}.Release|Any CPU.ActiveCfg = Release|Any CPU
		{3A3DE75E-5B8E-47CE-B4BB-272E6767E914}.Release|Any CPU.Build.0 = Release|Any CPU
		{5FAEC089-1005-43CB-87CB-168DD1E42AB1}.Debug|Any CPU.ActiveCfg = Debug|Any CPU
		{5FAEC089-1005-43CB-87CB-168DD1E42AB1}.Debug|Any CPU.Build.0 = Debug|Any CPU
		{5FAEC089-1005-43CB-87CB-168DD1E42AB1}.Release|Any CPU.ActiveCfg = Release|Any CPU
		{5FAEC089-1005-43CB-87CB-168DD1E42AB1}.Release|Any CPU.Build.0 = Release|Any CPU
		{46F43C2B-2EEF-4C73-A85C-DF8CB0CE9CA3}.Debug|Any CPU.ActiveCfg = Debug|Any CPU
		{46F43C2B-2EEF-4C73-A85C-DF8CB0CE9CA3}.Debug|Any CPU.Build.0 = Debug|Any CPU
		{46F43C2B-2EEF-4C73-A85C-DF8CB0CE9CA3}.Release|Any CPU.ActiveCfg = Release|Any CPU
		{46F43C2B-2EEF-4C73-A85C-DF8CB0CE9CA3}.Release|Any CPU.Build.0 = Release|Any CPU
	EndGlobalSection
	GlobalSection(SolutionProperties) = preSolution
		HideSolutionNode = FALSE
	EndGlobalSection
	GlobalSection(ExtensibilityGlobals) = postSolution
		SolutionGuid = {286B620F-4864-40E7-9174-97775F642720}
	EndGlobalSection
EndGlobal
